
Microsoft Visual Studio Solution File, Format Version 12.00
# Visual Studio Version 17
VisualStudioVersion = 17.3.32901.215
MinimumVisualStudioVersion = 10.0.40219.1
Project("{FAE04EC0-301F-11D3-BF4B-00C04F79EFBC}") = "GasolineTanker", "GasolineTanker\GasolineTanker.csproj", "{FC49A130-BC22-4E45-B753-4207A58F12C6}"
EndProject
Global
	GlobalSection(SolutionConfigurationPlatforms) = preSolution
		Debug|Any CPU = Debug|Any CPU
		Release|Any CPU = Release|Any CPU
	EndGlobalSection
	GlobalSection(ProjectConfigurationPlatforms) = postSolution
		{FC49A130-BC22-4E45-B753-4207A58F12C6}.Debug|Any CPU.ActiveCfg = Debug|Any CPU
		{FC49A130-BC22-4E45-B753-4207A58F12C6}.Debug|Any CPU.Build.0 = Debug|Any CPU
		{FC49A130-BC22-4E45-B753-4207A58F12C6}.Release|Any CPU.ActiveCfg = Release|Any CPU
		{FC49A130-BC22-4E45-B753-4207A58F12C6}.Release|Any CPU.Build.0 = Release|Any CPU
	EndGlobalSection
	GlobalSection(SolutionProperties) = preSolution
		HideSolutionNode = FALSE
	EndGlobalSection
	GlobalSection(ExtensibilityGlobals) = postSolution
		SolutionGuid = {1422305A-0602-40D4-8FAB-1C85CAC96F09}
	EndGlobalSection
EndGlobal
